// !$*UTF8*$!
{
	archiveVersion = 1;
	classes = {
	};
	objectVersion = 55;
	objects = {

/* Begin PBXBuildFile section */
		3D0F23B727798FD800AD83AE /* AppEntity+CoreDataClass.swift in Sources */ = {isa = PBXBuildFile; fileRef = 3D0F23B127798FD800AD83AE /* AppEntity+CoreDataClass.swift */; };
		3D0F23B827798FD800AD83AE /* AppEntity+CoreDataProperties.swift in Sources */ = {isa = PBXBuildFile; fileRef = 3D0F23B227798FD800AD83AE /* AppEntity+CoreDataProperties.swift */; };
		3D0F23B927798FD800AD83AE /* AppNewsEntity+CoreDataClass.swift in Sources */ = {isa = PBXBuildFile; fileRef = 3D0F23B327798FD800AD83AE /* AppNewsEntity+CoreDataClass.swift */; };
		3D0F23BA27798FD800AD83AE /* AppNewsEntity+CoreDataProperties.swift in Sources */ = {isa = PBXBuildFile; fileRef = 3D0F23B427798FD800AD83AE /* AppNewsEntity+CoreDataProperties.swift */; };
		3D0F23BB27798FD800AD83AE /* AppDetailsEntity+CoreDataClass.swift in Sources */ = {isa = PBXBuildFile; fileRef = 3D0F23B527798FD800AD83AE /* AppDetailsEntity+CoreDataClass.swift */; };
		3D0F23BC27798FD800AD83AE /* AppDetailsEntity+CoreDataProperties.swift in Sources */ = {isa = PBXBuildFile; fileRef = 3D0F23B627798FD800AD83AE /* AppDetailsEntity+CoreDataProperties.swift */; };
		3D27AC1427721798003E677F /* NewsDetailsStyle.css in Resources */ = {isa = PBXBuildFile; fileRef = 3D27AC1327721798003E677F /* NewsDetailsStyle.css */; };
		3D27AC162772582A003E677F /* NewsShortDescriptionView.swift in Sources */ = {isa = PBXBuildFile; fileRef = 3D27AC152772582A003E677F /* NewsShortDescriptionView.swift */; };
		3D34565827671C31005AC30F /* GamesListContentView.swift in Sources */ = {isa = PBXBuildFile; fileRef = 3D34565727671C31005AC30F /* GamesListContentView.swift */; };
		3D34565A27671DC3005AC30F /* GamesListTableViewCell.swift in Sources */ = {isa = PBXBuildFile; fileRef = 3D34565927671DC3005AC30F /* GamesListTableViewCell.swift */; };
		3D34565C276721DE005AC30F /* GamesListTableDelegate.swift in Sources */ = {isa = PBXBuildFile; fileRef = 3D34565B276721DE005AC30F /* GamesListTableDelegate.swift */; };
		3D34565E27672903005AC30F /* AppDataSource.swift in Sources */ = {isa = PBXBuildFile; fileRef = 3D34565D27672903005AC30F /* AppDataSource.swift */; };
		3D3456632767864B005AC30F /* FavsListContentView.swift in Sources */ = {isa = PBXBuildFile; fileRef = 3D3456622767864B005AC30F /* FavsListContentView.swift */; };
		3D345665276786F2005AC30F /* FavsListTableViewDelegate.swift in Sources */ = {isa = PBXBuildFile; fileRef = 3D345664276786F2005AC30F /* FavsListTableViewDelegate.swift */; };
		3D3456682767875C005AC30F /* FavsListTtableViewCell.swift in Sources */ = {isa = PBXBuildFile; fileRef = 3D3456672767875C005AC30F /* FavsListTtableViewCell.swift */; };
		3D34566A27679777005AC30F /* TableView.swift in Sources */ = {isa = PBXBuildFile; fileRef = 3D34566927679777005AC30F /* TableView.swift */; };
		3D34566C27687D46005AC30F /* GameDetailsViewController.swift in Sources */ = {isa = PBXBuildFile; fileRef = 3D34566B27687D46005AC30F /* GameDetailsViewController.swift */; };
		3D34566E2768E1EF005AC30F /* GameDetailsContentView.swift in Sources */ = {isa = PBXBuildFile; fileRef = 3D34566D2768E1EF005AC30F /* GameDetailsContentView.swift */; };
		3D3456712769DB47005AC30F /* SnapKit in Frameworks */ = {isa = PBXBuildFile; productRef = 3D3456702769DB47005AC30F /* SnapKit */; };
		3D345673276A23C3005AC30F /* NewsListContentView.swift in Sources */ = {isa = PBXBuildFile; fileRef = 3D345672276A23C3005AC30F /* NewsListContentView.swift */; };
		3D345677276C6F62005AC30F /* ScreenshotsCollectionViewCell.swift in Sources */ = {isa = PBXBuildFile; fileRef = 3D345676276C6F62005AC30F /* ScreenshotsCollectionViewCell.swift */; };
		3D345679276C7030005AC30F /* ScreenshotsCollectionViewDelegate.swift in Sources */ = {isa = PBXBuildFile; fileRef = 3D345678276C7030005AC30F /* ScreenshotsCollectionViewDelegate.swift */; };
		3D34567C276CA24B005AC30F /* ZoomViewController.swift in Sources */ = {isa = PBXBuildFile; fileRef = 3D34567B276CA24B005AC30F /* ZoomViewController.swift */; };
		3D34567E276CA2B1005AC30F /* CloseButton.swift in Sources */ = {isa = PBXBuildFile; fileRef = 3D34567D276CA2B1005AC30F /* CloseButton.swift */; };
		3D5BA4EC2770887000336CE9 /* NewsListTableViewCell.swift in Sources */ = {isa = PBXBuildFile; fileRef = 3D5BA4EB2770887000336CE9 /* NewsListTableViewCell.swift */; };
		3D5BA4EE277088EF00336CE9 /* NewsListTableViewDelegate.swift in Sources */ = {isa = PBXBuildFile; fileRef = 3D5BA4ED277088EF00336CE9 /* NewsListTableViewDelegate.swift */; };
		3D5BA4F027708A1000336CE9 /* NewsDetailsViewController.swift in Sources */ = {isa = PBXBuildFile; fileRef = 3D5BA4EF27708A1000336CE9 /* NewsDetailsViewController.swift */; };
		3D5BA4F227708A6000336CE9 /* NewsDetailsContentView.swift in Sources */ = {isa = PBXBuildFile; fileRef = 3D5BA4F127708A6000336CE9 /* NewsDetailsContentView.swift */; };
		3DC02A4D2761DEF4002F0028 /* AppDelegate.swift in Sources */ = {isa = PBXBuildFile; fileRef = 3DC02A4C2761DEF4002F0028 /* AppDelegate.swift */; };
		3DC02A572761DEF4002F0028 /* SteamList.xcdatamodeld in Sources */ = {isa = PBXBuildFile; fileRef = 3DC02A552761DEF4002F0028 /* SteamList.xcdatamodeld */; };
		3DC02A592761DEF6002F0028 /* Assets.xcassets in Resources */ = {isa = PBXBuildFile; fileRef = 3DC02A582761DEF6002F0028 /* Assets.xcassets */; };
		3DC02A5C2761DEF6002F0028 /* LaunchScreen.storyboard in Resources */ = {isa = PBXBuildFile; fileRef = 3DC02A5A2761DEF6002F0028 /* LaunchScreen.storyboard */; };
		3DC02A672761DEF6002F0028 /* SteamListTests.swift in Sources */ = {isa = PBXBuildFile; fileRef = 3DC02A662761DEF6002F0028 /* SteamListTests.swift */; };
		3DC02A712761DEF6002F0028 /* SteamListUITests.swift in Sources */ = {isa = PBXBuildFile; fileRef = 3DC02A702761DEF6002F0028 /* SteamListUITests.swift */; };
		3DC02A732761DEF6002F0028 /* SteamListUITestsLaunchTests.swift in Sources */ = {isa = PBXBuildFile; fileRef = 3DC02A722761DEF6002F0028 /* SteamListUITestsLaunchTests.swift */; };
		3DC02A812761E9AA002F0028 /* Alamofire in Frameworks */ = {isa = PBXBuildFile; productRef = 3DC02A802761E9AA002F0028 /* Alamofire */; };
		3DC02A832761EEBA002F0028 /* NetworkManagerProtocol.swift in Sources */ = {isa = PBXBuildFile; fileRef = 3DC02A822761EEBA002F0028 /* NetworkManagerProtocol.swift */; };
		3DC02A852761F7B7002F0028 /* NetworkDataManager.swift in Sources */ = {isa = PBXBuildFile; fileRef = 3DC02A842761F7B7002F0028 /* NetworkDataManager.swift */; };
		3DC02A872761F990002F0028 /* APIRouter.swift in Sources */ = {isa = PBXBuildFile; fileRef = 3DC02A862761F990002F0028 /* APIRouter.swift */; };
		3DC02A8D27621F4E002F0028 /* CoreDataManager.swift in Sources */ = {isa = PBXBuildFile; fileRef = 3DC02A8C27621F4E002F0028 /* CoreDataManager.swift */; };
		3DC02A8F2762210B002F0028 /* StorageProtocol.swift in Sources */ = {isa = PBXBuildFile; fileRef = 3DC02A8E2762210B002F0028 /* StorageProtocol.swift */; };
		3DC02A912762267E002F0028 /* App.swift in Sources */ = {isa = PBXBuildFile; fileRef = 3DC02A902762267E002F0028 /* App.swift */; };
		3DC02A9327622724002F0028 /* AppDetails.swift in Sources */ = {isa = PBXBuildFile; fileRef = 3DC02A9227622724002F0028 /* AppDetails.swift */; };
		3DC02A952762273B002F0028 /* AppNews.swift in Sources */ = {isa = PBXBuildFile; fileRef = 3DC02A942762273B002F0028 /* AppNews.swift */; };
		3DC02AA62762438F002F0028 /* GamesListViewController.swift in Sources */ = {isa = PBXBuildFile; fileRef = 3DC02AA52762438F002F0028 /* GamesListViewController.swift */; };
		3DC02AA827624420002F0028 /* Helper.swift in Sources */ = {isa = PBXBuildFile; fileRef = 3DC02AA727624420002F0028 /* Helper.swift */; };
		3DC02AAA27624518002F0028 /* FavsListViewController.swift in Sources */ = {isa = PBXBuildFile; fileRef = 3DC02AA927624518002F0028 /* FavsListViewController.swift */; };
		3DC02AAC2762454C002F0028 /* NewsListViewController.swift in Sources */ = {isa = PBXBuildFile; fileRef = 3DC02AAB2762454C002F0028 /* NewsListViewController.swift */; };
/* End PBXBuildFile section */

/* Begin PBXContainerItemProxy section */
		3DC02A632761DEF6002F0028 /* PBXContainerItemProxy */ = {
			isa = PBXContainerItemProxy;
			containerPortal = 3DC02A412761DEF4002F0028 /* Project object */;
			proxyType = 1;
			remoteGlobalIDString = 3DC02A482761DEF4002F0028;
			remoteInfo = SteamList;
		};
		3DC02A6D2761DEF6002F0028 /* PBXContainerItemProxy */ = {
			isa = PBXContainerItemProxy;
			containerPortal = 3DC02A412761DEF4002F0028 /* Project object */;
			proxyType = 1;
			remoteGlobalIDString = 3DC02A482761DEF4002F0028;
			remoteInfo = SteamList;
		};
/* End PBXContainerItemProxy section */

/* Begin PBXFileReference section */
		3D0F23B127798FD800AD83AE /* AppEntity+CoreDataClass.swift */ = {isa = PBXFileReference; lastKnownFileType = sourcecode.swift; path = "AppEntity+CoreDataClass.swift"; sourceTree = "<group>"; };
		3D0F23B227798FD800AD83AE /* AppEntity+CoreDataProperties.swift */ = {isa = PBXFileReference; lastKnownFileType = sourcecode.swift; path = "AppEntity+CoreDataProperties.swift"; sourceTree = "<group>"; };
		3D0F23B327798FD800AD83AE /* AppNewsEntity+CoreDataClass.swift */ = {isa = PBXFileReference; lastKnownFileType = sourcecode.swift; path = "AppNewsEntity+CoreDataClass.swift"; sourceTree = "<group>"; };
		3D0F23B427798FD800AD83AE /* AppNewsEntity+CoreDataProperties.swift */ = {isa = PBXFileReference; lastKnownFileType = sourcecode.swift; path = "AppNewsEntity+CoreDataProperties.swift"; sourceTree = "<group>"; };
		3D0F23B527798FD800AD83AE /* AppDetailsEntity+CoreDataClass.swift */ = {isa = PBXFileReference; lastKnownFileType = sourcecode.swift; path = "AppDetailsEntity+CoreDataClass.swift"; sourceTree = "<group>"; };
		3D0F23B627798FD800AD83AE /* AppDetailsEntity+CoreDataProperties.swift */ = {isa = PBXFileReference; lastKnownFileType = sourcecode.swift; path = "AppDetailsEntity+CoreDataProperties.swift"; sourceTree = "<group>"; };
		3D27AC1327721798003E677F /* NewsDetailsStyle.css */ = {isa = PBXFileReference; lastKnownFileType = text.css; path = NewsDetailsStyle.css; sourceTree = "<group>"; };
		3D27AC152772582A003E677F /* NewsShortDescriptionView.swift */ = {isa = PBXFileReference; lastKnownFileType = sourcecode.swift; path = NewsShortDescriptionView.swift; sourceTree = "<group>"; };
		3D34565727671C31005AC30F /* GamesListContentView.swift */ = {isa = PBXFileReference; lastKnownFileType = sourcecode.swift; path = GamesListContentView.swift; sourceTree = "<group>"; };
		3D34565927671DC3005AC30F /* GamesListTableViewCell.swift */ = {isa = PBXFileReference; lastKnownFileType = sourcecode.swift; path = GamesListTableViewCell.swift; sourceTree = "<group>"; };
		3D34565B276721DE005AC30F /* GamesListTableDelegate.swift */ = {isa = PBXFileReference; lastKnownFileType = sourcecode.swift; path = GamesListTableDelegate.swift; sourceTree = "<group>"; };
		3D34565D27672903005AC30F /* AppDataSource.swift */ = {isa = PBXFileReference; lastKnownFileType = sourcecode.swift; path = AppDataSource.swift; sourceTree = "<group>"; };
		3D3456622767864B005AC30F /* FavsListContentView.swift */ = {isa = PBXFileReference; lastKnownFileType = sourcecode.swift; path = FavsListContentView.swift; sourceTree = "<group>"; };
		3D345664276786F2005AC30F /* FavsListTableViewDelegate.swift */ = {isa = PBXFileReference; lastKnownFileType = sourcecode.swift; path = FavsListTableViewDelegate.swift; sourceTree = "<group>"; };
		3D3456672767875C005AC30F /* FavsListTtableViewCell.swift */ = {isa = PBXFileReference; lastKnownFileType = sourcecode.swift; path = FavsListTtableViewCell.swift; sourceTree = "<group>"; };
		3D34566927679777005AC30F /* TableView.swift */ = {isa = PBXFileReference; lastKnownFileType = sourcecode.swift; path = TableView.swift; sourceTree = "<group>"; };
		3D34566B27687D46005AC30F /* GameDetailsViewController.swift */ = {isa = PBXFileReference; lastKnownFileType = sourcecode.swift; path = GameDetailsViewController.swift; sourceTree = "<group>"; };
		3D34566D2768E1EF005AC30F /* GameDetailsContentView.swift */ = {isa = PBXFileReference; lastKnownFileType = sourcecode.swift; path = GameDetailsContentView.swift; sourceTree = "<group>"; };
		3D345672276A23C3005AC30F /* NewsListContentView.swift */ = {isa = PBXFileReference; lastKnownFileType = sourcecode.swift; path = NewsListContentView.swift; sourceTree = "<group>"; };
		3D345676276C6F62005AC30F /* ScreenshotsCollectionViewCell.swift */ = {isa = PBXFileReference; lastKnownFileType = sourcecode.swift; path = ScreenshotsCollectionViewCell.swift; sourceTree = "<group>"; };
		3D345678276C7030005AC30F /* ScreenshotsCollectionViewDelegate.swift */ = {isa = PBXFileReference; lastKnownFileType = sourcecode.swift; path = ScreenshotsCollectionViewDelegate.swift; sourceTree = "<group>"; };
		3D34567B276CA24B005AC30F /* ZoomViewController.swift */ = {isa = PBXFileReference; lastKnownFileType = sourcecode.swift; path = ZoomViewController.swift; sourceTree = "<group>"; };
		3D34567D276CA2B1005AC30F /* CloseButton.swift */ = {isa = PBXFileReference; lastKnownFileType = sourcecode.swift; path = CloseButton.swift; sourceTree = "<group>"; };
		3D5BA4EB2770887000336CE9 /* NewsListTableViewCell.swift */ = {isa = PBXFileReference; lastKnownFileType = sourcecode.swift; path = NewsListTableViewCell.swift; sourceTree = "<group>"; };
		3D5BA4ED277088EF00336CE9 /* NewsListTableViewDelegate.swift */ = {isa = PBXFileReference; lastKnownFileType = sourcecode.swift; path = NewsListTableViewDelegate.swift; sourceTree = "<group>"; };
		3D5BA4EF27708A1000336CE9 /* NewsDetailsViewController.swift */ = {isa = PBXFileReference; lastKnownFileType = sourcecode.swift; path = NewsDetailsViewController.swift; sourceTree = "<group>"; };
		3D5BA4F127708A6000336CE9 /* NewsDetailsContentView.swift */ = {isa = PBXFileReference; lastKnownFileType = sourcecode.swift; path = NewsDetailsContentView.swift; sourceTree = "<group>"; };
		3DC02A492761DEF4002F0028 /* SteamList.app */ = {isa = PBXFileReference; explicitFileType = wrapper.application; includeInIndex = 0; path = SteamList.app; sourceTree = BUILT_PRODUCTS_DIR; };
		3DC02A4C2761DEF4002F0028 /* AppDelegate.swift */ = {isa = PBXFileReference; lastKnownFileType = sourcecode.swift; path = AppDelegate.swift; sourceTree = "<group>"; };
		3DC02A562761DEF4002F0028 /* SteamList.xcdatamodel */ = {isa = PBXFileReference; lastKnownFileType = wrapper.xcdatamodel; path = SteamList.xcdatamodel; sourceTree = "<group>"; };
		3DC02A582761DEF6002F0028 /* Assets.xcassets */ = {isa = PBXFileReference; lastKnownFileType = folder.assetcatalog; path = Assets.xcassets; sourceTree = "<group>"; };
		3DC02A5B2761DEF6002F0028 /* Base */ = {isa = PBXFileReference; lastKnownFileType = file.storyboard; name = Base; path = Base.lproj/LaunchScreen.storyboard; sourceTree = "<group>"; };
		3DC02A5D2761DEF6002F0028 /* Info.plist */ = {isa = PBXFileReference; lastKnownFileType = text.plist.xml; path = Info.plist; sourceTree = "<group>"; };
		3DC02A622761DEF6002F0028 /* SteamListTests.xctest */ = {isa = PBXFileReference; explicitFileType = wrapper.cfbundle; includeInIndex = 0; path = SteamListTests.xctest; sourceTree = BUILT_PRODUCTS_DIR; };
		3DC02A662761DEF6002F0028 /* SteamListTests.swift */ = {isa = PBXFileReference; lastKnownFileType = sourcecode.swift; path = SteamListTests.swift; sourceTree = "<group>"; };
		3DC02A6C2761DEF6002F0028 /* SteamListUITests.xctest */ = {isa = PBXFileReference; explicitFileType = wrapper.cfbundle; includeInIndex = 0; path = SteamListUITests.xctest; sourceTree = BUILT_PRODUCTS_DIR; };
		3DC02A702761DEF6002F0028 /* SteamListUITests.swift */ = {isa = PBXFileReference; lastKnownFileType = sourcecode.swift; path = SteamListUITests.swift; sourceTree = "<group>"; };
		3DC02A722761DEF6002F0028 /* SteamListUITestsLaunchTests.swift */ = {isa = PBXFileReference; lastKnownFileType = sourcecode.swift; path = SteamListUITestsLaunchTests.swift; sourceTree = "<group>"; };
		3DC02A822761EEBA002F0028 /* NetworkManagerProtocol.swift */ = {isa = PBXFileReference; lastKnownFileType = sourcecode.swift; path = NetworkManagerProtocol.swift; sourceTree = "<group>"; };
		3DC02A842761F7B7002F0028 /* NetworkDataManager.swift */ = {isa = PBXFileReference; lastKnownFileType = sourcecode.swift; path = NetworkDataManager.swift; sourceTree = "<group>"; };
		3DC02A862761F990002F0028 /* APIRouter.swift */ = {isa = PBXFileReference; lastKnownFileType = sourcecode.swift; path = APIRouter.swift; sourceTree = "<group>"; };
		3DC02A8C27621F4E002F0028 /* CoreDataManager.swift */ = {isa = PBXFileReference; lastKnownFileType = sourcecode.swift; path = CoreDataManager.swift; sourceTree = "<group>"; };
		3DC02A8E2762210B002F0028 /* StorageProtocol.swift */ = {isa = PBXFileReference; lastKnownFileType = sourcecode.swift; path = StorageProtocol.swift; sourceTree = "<group>"; };
		3DC02A902762267E002F0028 /* App.swift */ = {isa = PBXFileReference; lastKnownFileType = sourcecode.swift; path = App.swift; sourceTree = "<group>"; };
		3DC02A9227622724002F0028 /* AppDetails.swift */ = {isa = PBXFileReference; lastKnownFileType = sourcecode.swift; path = AppDetails.swift; sourceTree = "<group>"; };
		3DC02A942762273B002F0028 /* AppNews.swift */ = {isa = PBXFileReference; lastKnownFileType = sourcecode.swift; path = AppNews.swift; sourceTree = "<group>"; };
		3DC02AA52762438F002F0028 /* GamesListViewController.swift */ = {isa = PBXFileReference; lastKnownFileType = sourcecode.swift; path = GamesListViewController.swift; sourceTree = "<group>"; };
		3DC02AA727624420002F0028 /* Helper.swift */ = {isa = PBXFileReference; lastKnownFileType = sourcecode.swift; path = Helper.swift; sourceTree = "<group>"; };
		3DC02AA927624518002F0028 /* FavsListViewController.swift */ = {isa = PBXFileReference; lastKnownFileType = sourcecode.swift; path = FavsListViewController.swift; sourceTree = "<group>"; };
		3DC02AAB2762454C002F0028 /* NewsListViewController.swift */ = {isa = PBXFileReference; lastKnownFileType = sourcecode.swift; path = NewsListViewController.swift; sourceTree = "<group>"; };
/* End PBXFileReference section */

/* Begin PBXFrameworksBuildPhase section */
		3DC02A462761DEF4002F0028 /* Frameworks */ = {
			isa = PBXFrameworksBuildPhase;
			buildActionMask = 2147483647;
			files = (
				3DC02A812761E9AA002F0028 /* Alamofire in Frameworks */,
				3D3456712769DB47005AC30F /* SnapKit in Frameworks */,
			);
			runOnlyForDeploymentPostprocessing = 0;
		};
		3DC02A5F2761DEF6002F0028 /* Frameworks */ = {
			isa = PBXFrameworksBuildPhase;
			buildActionMask = 2147483647;
			files = (
			);
			runOnlyForDeploymentPostprocessing = 0;
		};
		3DC02A692761DEF6002F0028 /* Frameworks */ = {
			isa = PBXFrameworksBuildPhase;
			buildActionMask = 2147483647;
			files = (
			);
			runOnlyForDeploymentPostprocessing = 0;
		};
/* End PBXFrameworksBuildPhase section */

/* Begin PBXGroup section */
		3D0F23BD27798FF100AD83AE /* CoreDataClass */ = {
			isa = PBXGroup;
			children = (
				3D0F23B127798FD800AD83AE /* AppEntity+CoreDataClass.swift */,
				3D0F23B227798FD800AD83AE /* AppEntity+CoreDataProperties.swift */,
				3D0F23B327798FD800AD83AE /* AppNewsEntity+CoreDataClass.swift */,
				3D0F23B427798FD800AD83AE /* AppNewsEntity+CoreDataProperties.swift */,
				3D0F23B527798FD800AD83AE /* AppDetailsEntity+CoreDataClass.swift */,
				3D0F23B627798FD800AD83AE /* AppDetailsEntity+CoreDataProperties.swift */,
			);
			path = CoreDataClass;
			sourceTree = "<group>";
		};
		3D34565627636BC0005AC30F /* Resourses */ = {
			isa = PBXGroup;
			children = (
				3DC02AA727624420002F0028 /* Helper.swift */,
				3DC02A582761DEF6002F0028 /* Assets.xcassets */,
				3DC02A5A2761DEF6002F0028 /* LaunchScreen.storyboard */,
			);
			path = Resourses;
			sourceTree = "<group>";
		};
		3D34566127675237005AC30F /* GamesList */ = {
			isa = PBXGroup;
			children = (
				3DC02AA52762438F002F0028 /* GamesListViewController.swift */,
				3D34565727671C31005AC30F /* GamesListContentView.swift */,
				3D34565B276721DE005AC30F /* GamesListTableDelegate.swift */,
				3D34565927671DC3005AC30F /* GamesListTableViewCell.swift */,
				3D345675276A259F005AC30F /* GameDetails */,
			);
			path = GamesList;
			sourceTree = "<group>";
		};
		3D34566627678735005AC30F /* FavsList */ = {
			isa = PBXGroup;
			children = (
				3DC02AA927624518002F0028 /* FavsListViewController.swift */,
				3D3456622767864B005AC30F /* FavsListContentView.swift */,
				3D345664276786F2005AC30F /* FavsListTableViewDelegate.swift */,
				3D3456672767875C005AC30F /* FavsListTtableViewCell.swift */,
			);
			path = FavsList;
			sourceTree = "<group>";
		};
		3D345674276A2441005AC30F /* NewsList */ = {
			isa = PBXGroup;
			children = (
				3DC02AAB2762454C002F0028 /* NewsListViewController.swift */,
				3D345672276A23C3005AC30F /* NewsListContentView.swift */,
				3D5BA4ED277088EF00336CE9 /* NewsListTableViewDelegate.swift */,
				3D5BA4EB2770887000336CE9 /* NewsListTableViewCell.swift */,
				3D27AC152772582A003E677F /* NewsShortDescriptionView.swift */,
				3D5BA4F327708AA400336CE9 /* NewsDetails */,
			);
			path = NewsList;
			sourceTree = "<group>";
		};
		3D345675276A259F005AC30F /* GameDetails */ = {
			isa = PBXGroup;
			children = (
				3D34566B27687D46005AC30F /* GameDetailsViewController.swift */,
				3D34566D2768E1EF005AC30F /* GameDetailsContentView.swift */,
				3D34567A276C72A2005AC30F /* Screenshots */,
			);
			path = GameDetails;
			sourceTree = "<group>";
		};
		3D34567A276C72A2005AC30F /* Screenshots */ = {
			isa = PBXGroup;
			children = (
				3D345676276C6F62005AC30F /* ScreenshotsCollectionViewCell.swift */,
				3D345678276C7030005AC30F /* ScreenshotsCollectionViewDelegate.swift */,
				3D34567B276CA24B005AC30F /* ZoomViewController.swift */,
				3D34567D276CA2B1005AC30F /* CloseButton.swift */,
			);
			path = Screenshots;
			sourceTree = "<group>";
		};
		3D47C488277488E000E72A58 /* CustomViews */ = {
			isa = PBXGroup;
			children = (
				3D34566927679777005AC30F /* TableView.swift */,
			);
			path = CustomViews;
			sourceTree = "<group>";
		};
		3D5BA4F327708AA400336CE9 /* NewsDetails */ = {
			isa = PBXGroup;
			children = (
				3D5BA4EF27708A1000336CE9 /* NewsDetailsViewController.swift */,
				3D5BA4F127708A6000336CE9 /* NewsDetailsContentView.swift */,
			);
			path = NewsDetails;
			sourceTree = "<group>";
		};
		3DC02A402761DEF4002F0028 = {
			isa = PBXGroup;
			children = (
				3D27AC1327721798003E677F /* NewsDetailsStyle.css */,
				3DC02A4B2761DEF4002F0028 /* SteamList */,
				3DC02A652761DEF6002F0028 /* SteamListTests */,
				3DC02A6F2761DEF6002F0028 /* SteamListUITests */,
				3DC02A4A2761DEF4002F0028 /* Products */,
			);
			sourceTree = "<group>";
		};
		3DC02A4A2761DEF4002F0028 /* Products */ = {
			isa = PBXGroup;
			children = (
				3DC02A492761DEF4002F0028 /* SteamList.app */,
				3DC02A622761DEF6002F0028 /* SteamListTests.xctest */,
				3DC02A6C2761DEF6002F0028 /* SteamListUITests.xctest */,
			);
			name = Products;
			sourceTree = "<group>";
		};
		3DC02A4B2761DEF4002F0028 /* SteamList */ = {
			isa = PBXGroup;
			children = (
				3DC02A4C2761DEF4002F0028 /* AppDelegate.swift */,
				3D34565D27672903005AC30F /* AppDataSource.swift */,
				3D47C488277488E000E72A58 /* CustomViews */,
				3D34566127675237005AC30F /* GamesList */,
				3D34566627678735005AC30F /* FavsList */,
				3D345674276A2441005AC30F /* NewsList */,
				3DC02A9727622AFD002F0028 /* Storage */,
				3DC02A882762127C002F0028 /* Network */,
				3DC02A9627622755002F0028 /* Model */,
				3D34565627636BC0005AC30F /* Resourses */,
				3DC02A552761DEF4002F0028 /* SteamList.xcdatamodeld */,
				3DC02A5D2761DEF6002F0028 /* Info.plist */,
			);
			path = SteamList;
			sourceTree = "<group>";
		};
		3DC02A652761DEF6002F0028 /* SteamListTests */ = {
			isa = PBXGroup;
			children = (
				3DC02A662761DEF6002F0028 /* SteamListTests.swift */,
			);
			path = SteamListTests;
			sourceTree = "<group>";
		};
		3DC02A6F2761DEF6002F0028 /* SteamListUITests */ = {
			isa = PBXGroup;
			children = (
				3DC02A702761DEF6002F0028 /* SteamListUITests.swift */,
				3DC02A722761DEF6002F0028 /* SteamListUITestsLaunchTests.swift */,
			);
			path = SteamListUITests;
			sourceTree = "<group>";
		};
		3DC02A882762127C002F0028 /* Network */ = {
			isa = PBXGroup;
			children = (
				3DC02A822761EEBA002F0028 /* NetworkManagerProtocol.swift */,
				3DC02A842761F7B7002F0028 /* NetworkDataManager.swift */,
				3DC02A862761F990002F0028 /* APIRouter.swift */,
			);
			path = Network;
			sourceTree = "<group>";
		};
		3DC02A9627622755002F0028 /* Model */ = {
			isa = PBXGroup;
			children = (
				3DC02A902762267E002F0028 /* App.swift */,
				3DC02A9227622724002F0028 /* AppDetails.swift */,
				3DC02A942762273B002F0028 /* AppNews.swift */,
			);
			path = Model;
			sourceTree = "<group>";
		};
		3DC02A9727622AFD002F0028 /* Storage */ = {
			isa = PBXGroup;
			children = (
				3DC02A8E2762210B002F0028 /* StorageProtocol.swift */,
				3DC02A8C27621F4E002F0028 /* CoreDataManager.swift */,
				3D0F23BD27798FF100AD83AE /* CoreDataClass */,
			);
			path = Storage;
			sourceTree = "<group>";
		};
/* End PBXGroup section */

/* Begin PBXNativeTarget section */
		3DC02A482761DEF4002F0028 /* SteamList */ = {
			isa = PBXNativeTarget;
			buildConfigurationList = 3DC02A762761DEF6002F0028 /* Build configuration list for PBXNativeTarget "SteamList" */;
			buildPhases = (
				3DC02A452761DEF4002F0028 /* Sources */,
				3DC02A462761DEF4002F0028 /* Frameworks */,
				3DC02A472761DEF4002F0028 /* Resources */,
			);
			buildRules = (
			);
			dependencies = (
			);
			name = SteamList;
			packageProductDependencies = (
				3DC02A802761E9AA002F0028 /* Alamofire */,
				3D3456702769DB47005AC30F /* SnapKit */,
			);
			productName = SteamList;
			productReference = 3DC02A492761DEF4002F0028 /* SteamList.app */;
			productType = "com.apple.product-type.application";
		};
		3DC02A612761DEF6002F0028 /* SteamListTests */ = {
			isa = PBXNativeTarget;
			buildConfigurationList = 3DC02A792761DEF6002F0028 /* Build configuration list for PBXNativeTarget "SteamListTests" */;
			buildPhases = (
				3DC02A5E2761DEF6002F0028 /* Sources */,
				3DC02A5F2761DEF6002F0028 /* Frameworks */,
				3DC02A602761DEF6002F0028 /* Resources */,
			);
			buildRules = (
			);
			dependencies = (
				3DC02A642761DEF6002F0028 /* PBXTargetDependency */,
			);
			name = SteamListTests;
			productName = SteamListTests;
			productReference = 3DC02A622761DEF6002F0028 /* SteamListTests.xctest */;
			productType = "com.apple.product-type.bundle.unit-test";
		};
		3DC02A6B2761DEF6002F0028 /* SteamListUITests */ = {
			isa = PBXNativeTarget;
			buildConfigurationList = 3DC02A7C2761DEF6002F0028 /* Build configuration list for PBXNativeTarget "SteamListUITests" */;
			buildPhases = (
				3DC02A682761DEF6002F0028 /* Sources */,
				3DC02A692761DEF6002F0028 /* Frameworks */,
				3DC02A6A2761DEF6002F0028 /* Resources */,
			);
			buildRules = (
			);
			dependencies = (
				3DC02A6E2761DEF6002F0028 /* PBXTargetDependency */,
			);
			name = SteamListUITests;
			productName = SteamListUITests;
			productReference = 3DC02A6C2761DEF6002F0028 /* SteamListUITests.xctest */;
			productType = "com.apple.product-type.bundle.ui-testing";
		};
/* End PBXNativeTarget section */

/* Begin PBXProject section */
		3DC02A412761DEF4002F0028 /* Project object */ = {
			isa = PBXProject;
			attributes = {
				BuildIndependentTargetsInParallel = 1;
				LastSwiftUpdateCheck = 1310;
				LastUpgradeCheck = 1310;
				TargetAttributes = {
					3DC02A482761DEF4002F0028 = {
						CreatedOnToolsVersion = 13.1;
					};
					3DC02A612761DEF6002F0028 = {
						CreatedOnToolsVersion = 13.1;
						TestTargetID = 3DC02A482761DEF4002F0028;
					};
					3DC02A6B2761DEF6002F0028 = {
						CreatedOnToolsVersion = 13.1;
						TestTargetID = 3DC02A482761DEF4002F0028;
					};
				};
			};
			buildConfigurationList = 3DC02A442761DEF4002F0028 /* Build configuration list for PBXProject "SteamList" */;
			compatibilityVersion = "Xcode 13.0";
			developmentRegion = en;
			hasScannedForEncodings = 0;
			knownRegions = (
				en,
				Base,
			);
			mainGroup = 3DC02A402761DEF4002F0028;
			packageReferences = (
				3DC02A7F2761E9AA002F0028 /* XCRemoteSwiftPackageReference "Alamofire" */,
				3D34566F2769DB47005AC30F /* XCRemoteSwiftPackageReference "SnapKit" */,
			);
			productRefGroup = 3DC02A4A2761DEF4002F0028 /* Products */;
			projectDirPath = "";
			projectRoot = "";
			targets = (
				3DC02A482761DEF4002F0028 /* SteamList */,
				3DC02A612761DEF6002F0028 /* SteamListTests */,
				3DC02A6B2761DEF6002F0028 /* SteamListUITests */,
			);
		};
/* End PBXProject section */

/* Begin PBXResourcesBuildPhase section */
		3DC02A472761DEF4002F0028 /* Resources */ = {
			isa = PBXResourcesBuildPhase;
			buildActionMask = 2147483647;
			files = (
				3D27AC1427721798003E677F /* NewsDetailsStyle.css in Resources */,
				3DC02A5C2761DEF6002F0028 /* LaunchScreen.storyboard in Resources */,
				3DC02A592761DEF6002F0028 /* Assets.xcassets in Resources */,
			);
			runOnlyForDeploymentPostprocessing = 0;
		};
		3DC02A602761DEF6002F0028 /* Resources */ = {
			isa = PBXResourcesBuildPhase;
			buildActionMask = 2147483647;
			files = (
			);
			runOnlyForDeploymentPostprocessing = 0;
		};
		3DC02A6A2761DEF6002F0028 /* Resources */ = {
			isa = PBXResourcesBuildPhase;
			buildActionMask = 2147483647;
			files = (
			);
			runOnlyForDeploymentPostprocessing = 0;
		};
/* End PBXResourcesBuildPhase section */

/* Begin PBXSourcesBuildPhase section */
		3DC02A452761DEF4002F0028 /* Sources */ = {
			isa = PBXSourcesBuildPhase;
			buildActionMask = 2147483647;
			files = (
				3D34567E276CA2B1005AC30F /* CloseButton.swift in Sources */,
				3DC02AAC2762454C002F0028 /* NewsListViewController.swift in Sources */,
				3D34566E2768E1EF005AC30F /* GameDetailsContentView.swift in Sources */,
				3D27AC162772582A003E677F /* NewsShortDescriptionView.swift in Sources */,
				3D0F23BB27798FD800AD83AE /* AppDetailsEntity+CoreDataClass.swift in Sources */,
				3D34566C27687D46005AC30F /* GameDetailsViewController.swift in Sources */,
				3DC02A9327622724002F0028 /* AppDetails.swift in Sources */,
				3DC02A912762267E002F0028 /* App.swift in Sources */,
				3D3456682767875C005AC30F /* FavsListTtableViewCell.swift in Sources */,
				3DC02A852761F7B7002F0028 /* NetworkDataManager.swift in Sources */,
				3DC02A872761F990002F0028 /* APIRouter.swift in Sources */,
				3D0F23BC27798FD800AD83AE /* AppDetailsEntity+CoreDataProperties.swift in Sources */,
				3DC02AAA27624518002F0028 /* FavsListViewController.swift in Sources */,
				3DC02A572761DEF4002F0028 /* SteamList.xcdatamodeld in Sources */,
				3D345677276C6F62005AC30F /* ScreenshotsCollectionViewCell.swift in Sources */,
				3D5BA4EC2770887000336CE9 /* NewsListTableViewCell.swift in Sources */,
				3D345673276A23C3005AC30F /* NewsListContentView.swift in Sources */,
				3D345679276C7030005AC30F /* ScreenshotsCollectionViewDelegate.swift in Sources */,
				3D34565C276721DE005AC30F /* GamesListTableDelegate.swift in Sources */,
				3D5BA4EE277088EF00336CE9 /* NewsListTableViewDelegate.swift in Sources */,
				3D5BA4F027708A1000336CE9 /* NewsDetailsViewController.swift in Sources */,
				3D34565E27672903005AC30F /* AppDataSource.swift in Sources */,
				3DC02A832761EEBA002F0028 /* NetworkManagerProtocol.swift in Sources */,
				3D34566A27679777005AC30F /* TableView.swift in Sources */,
				3D0F23B827798FD800AD83AE /* AppEntity+CoreDataProperties.swift in Sources */,
				3D34565A27671DC3005AC30F /* GamesListTableViewCell.swift in Sources */,
				3DC02A8D27621F4E002F0028 /* CoreDataManager.swift in Sources */,
				3D34565827671C31005AC30F /* GamesListContentView.swift in Sources */,
				3D34567C276CA24B005AC30F /* ZoomViewController.swift in Sources */,
				3D0F23BA27798FD800AD83AE /* AppNewsEntity+CoreDataProperties.swift in Sources */,
				3DC02AA62762438F002F0028 /* GamesListViewController.swift in Sources */,
				3D0F23B727798FD800AD83AE /* AppEntity+CoreDataClass.swift in Sources */,
				3DC02A4D2761DEF4002F0028 /* AppDelegate.swift in Sources */,
				3D5BA4F227708A6000336CE9 /* NewsDetailsContentView.swift in Sources */,
				3DC02AA827624420002F0028 /* Helper.swift in Sources */,
				3DC02A952762273B002F0028 /* AppNews.swift in Sources */,
				3D3456632767864B005AC30F /* FavsListContentView.swift in Sources */,
				3DC02A8F2762210B002F0028 /* StorageProtocol.swift in Sources */,
				3D0F23B927798FD800AD83AE /* AppNewsEntity+CoreDataClass.swift in Sources */,
				3D345665276786F2005AC30F /* FavsListTableViewDelegate.swift in Sources */,
			);
			runOnlyForDeploymentPostprocessing = 0;
		};
		3DC02A5E2761DEF6002F0028 /* Sources */ = {
			isa = PBXSourcesBuildPhase;
			buildActionMask = 2147483647;
			files = (
				3DC02A672761DEF6002F0028 /* SteamListTests.swift in Sources */,
			);
			runOnlyForDeploymentPostprocessing = 0;
		};
		3DC02A682761DEF6002F0028 /* Sources */ = {
			isa = PBXSourcesBuildPhase;
			buildActionMask = 2147483647;
			files = (
				3DC02A712761DEF6002F0028 /* SteamListUITests.swift in Sources */,
				3DC02A732761DEF6002F0028 /* SteamListUITestsLaunchTests.swift in Sources */,
			);
			runOnlyForDeploymentPostprocessing = 0;
		};
/* End PBXSourcesBuildPhase section */

/* Begin PBXTargetDependency section */
		3DC02A642761DEF6002F0028 /* PBXTargetDependency */ = {
			isa = PBXTargetDependency;
			target = 3DC02A482761DEF4002F0028 /* SteamList */;
			targetProxy = 3DC02A632761DEF6002F0028 /* PBXContainerItemProxy */;
		};
		3DC02A6E2761DEF6002F0028 /* PBXTargetDependency */ = {
			isa = PBXTargetDependency;
			target = 3DC02A482761DEF4002F0028 /* SteamList */;
			targetProxy = 3DC02A6D2761DEF6002F0028 /* PBXContainerItemProxy */;
		};
/* End PBXTargetDependency section */

/* Begin PBXVariantGroup section */
		3DC02A5A2761DEF6002F0028 /* LaunchScreen.storyboard */ = {
			isa = PBXVariantGroup;
			children = (
				3DC02A5B2761DEF6002F0028 /* Base */,
			);
			name = LaunchScreen.storyboard;
			sourceTree = "<group>";
		};
/* End PBXVariantGroup section */

/* Begin XCBuildConfiguration section */
		3DC02A742761DEF6002F0028 /* Debug */ = {
			isa = XCBuildConfiguration;
			buildSettings = {
				ALWAYS_SEARCH_USER_PATHS = NO;
				CLANG_ANALYZER_NONNULL = YES;
				CLANG_ANALYZER_NUMBER_OBJECT_CONVERSION = YES_AGGRESSIVE;
				CLANG_CXX_LANGUAGE_STANDARD = "gnu++17";
				CLANG_CXX_LIBRARY = "libc++";
				CLANG_ENABLE_MODULES = YES;
				CLANG_ENABLE_OBJC_ARC = YES;
				CLANG_ENABLE_OBJC_WEAK = YES;
				CLANG_WARN_BLOCK_CAPTURE_AUTORELEASING = YES;
				CLANG_WARN_BOOL_CONVERSION = YES;
				CLANG_WARN_COMMA = YES;
				CLANG_WARN_CONSTANT_CONVERSION = YES;
				CLANG_WARN_DEPRECATED_OBJC_IMPLEMENTATIONS = YES;
				CLANG_WARN_DIRECT_OBJC_ISA_USAGE = YES_ERROR;
				CLANG_WARN_DOCUMENTATION_COMMENTS = YES;
				CLANG_WARN_EMPTY_BODY = YES;
				CLANG_WARN_ENUM_CONVERSION = YES;
				CLANG_WARN_INFINITE_RECURSION = YES;
				CLANG_WARN_INT_CONVERSION = YES;
				CLANG_WARN_NON_LITERAL_NULL_CONVERSION = YES;
				CLANG_WARN_OBJC_IMPLICIT_RETAIN_SELF = YES;
				CLANG_WARN_OBJC_LITERAL_CONVERSION = YES;
				CLANG_WARN_OBJC_ROOT_CLASS = YES_ERROR;
				CLANG_WARN_QUOTED_INCLUDE_IN_FRAMEWORK_HEADER = YES;
				CLANG_WARN_RANGE_LOOP_ANALYSIS = YES;
				CLANG_WARN_STRICT_PROTOTYPES = YES;
				CLANG_WARN_SUSPICIOUS_MOVE = YES;
				CLANG_WARN_UNGUARDED_AVAILABILITY = YES_AGGRESSIVE;
				CLANG_WARN_UNREACHABLE_CODE = YES;
				CLANG_WARN__DUPLICATE_METHOD_MATCH = YES;
				COPY_PHASE_STRIP = NO;
				DEBUG_INFORMATION_FORMAT = dwarf;
				ENABLE_STRICT_OBJC_MSGSEND = YES;
				ENABLE_TESTABILITY = YES;
				GCC_C_LANGUAGE_STANDARD = gnu11;
				GCC_DYNAMIC_NO_PIC = NO;
				GCC_NO_COMMON_BLOCKS = YES;
				GCC_OPTIMIZATION_LEVEL = 0;
				GCC_PREPROCESSOR_DEFINITIONS = (
					"DEBUG=1",
					"$(inherited)",
				);
				GCC_WARN_64_TO_32_BIT_CONVERSION = YES;
				GCC_WARN_ABOUT_RETURN_TYPE = YES_ERROR;
				GCC_WARN_UNDECLARED_SELECTOR = YES;
				GCC_WARN_UNINITIALIZED_AUTOS = YES_AGGRESSIVE;
				GCC_WARN_UNUSED_FUNCTION = YES;
				GCC_WARN_UNUSED_VARIABLE = YES;
				IPHONEOS_DEPLOYMENT_TARGET = 12.0;
				MTL_ENABLE_DEBUG_INFO = INCLUDE_SOURCE;
				MTL_FAST_MATH = YES;
				ONLY_ACTIVE_ARCH = YES;
				SDKROOT = iphoneos;
				SWIFT_ACTIVE_COMPILATION_CONDITIONS = DEBUG;
				SWIFT_OPTIMIZATION_LEVEL = "-Onone";
			};
			name = Debug;
		};
		3DC02A752761DEF6002F0028 /* Release */ = {
			isa = XCBuildConfiguration;
			buildSettings = {
				ALWAYS_SEARCH_USER_PATHS = NO;
				CLANG_ANALYZER_NONNULL = YES;
				CLANG_ANALYZER_NUMBER_OBJECT_CONVERSION = YES_AGGRESSIVE;
				CLANG_CXX_LANGUAGE_STANDARD = "gnu++17";
				CLANG_CXX_LIBRARY = "libc++";
				CLANG_ENABLE_MODULES = YES;
				CLANG_ENABLE_OBJC_ARC = YES;
				CLANG_ENABLE_OBJC_WEAK = YES;
				CLANG_WARN_BLOCK_CAPTURE_AUTORELEASING = YES;
				CLANG_WARN_BOOL_CONVERSION = YES;
				CLANG_WARN_COMMA = YES;
				CLANG_WARN_CONSTANT_CONVERSION = YES;
				CLANG_WARN_DEPRECATED_OBJC_IMPLEMENTATIONS = YES;
				CLANG_WARN_DIRECT_OBJC_ISA_USAGE = YES_ERROR;
				CLANG_WARN_DOCUMENTATION_COMMENTS = YES;
				CLANG_WARN_EMPTY_BODY = YES;
				CLANG_WARN_ENUM_CONVERSION = YES;
				CLANG_WARN_INFINITE_RECURSION = YES;
				CLANG_WARN_INT_CONVERSION = YES;
				CLANG_WARN_NON_LITERAL_NULL_CONVERSION = YES;
				CLANG_WARN_OBJC_IMPLICIT_RETAIN_SELF = YES;
				CLANG_WARN_OBJC_LITERAL_CONVERSION = YES;
				CLANG_WARN_OBJC_ROOT_CLASS = YES_ERROR;
				CLANG_WARN_QUOTED_INCLUDE_IN_FRAMEWORK_HEADER = YES;
				CLANG_WARN_RANGE_LOOP_ANALYSIS = YES;
				CLANG_WARN_STRICT_PROTOTYPES = YES;
				CLANG_WARN_SUSPICIOUS_MOVE = YES;
				CLANG_WARN_UNGUARDED_AVAILABILITY = YES_AGGRESSIVE;
				CLANG_WARN_UNREACHABLE_CODE = YES;
				CLANG_WARN__DUPLICATE_METHOD_MATCH = YES;
				COPY_PHASE_STRIP = NO;
				DEBUG_INFORMATION_FORMAT = "dwarf-with-dsym";
				ENABLE_NS_ASSERTIONS = NO;
				ENABLE_STRICT_OBJC_MSGSEND = YES;
				GCC_C_LANGUAGE_STANDARD = gnu11;
				GCC_NO_COMMON_BLOCKS = YES;
				GCC_WARN_64_TO_32_BIT_CONVERSION = YES;
				GCC_WARN_ABOUT_RETURN_TYPE = YES_ERROR;
				GCC_WARN_UNDECLARED_SELECTOR = YES;
				GCC_WARN_UNINITIALIZED_AUTOS = YES_AGGRESSIVE;
				GCC_WARN_UNUSED_FUNCTION = YES;
				GCC_WARN_UNUSED_VARIABLE = YES;
				IPHONEOS_DEPLOYMENT_TARGET = 12.0;
				MTL_ENABLE_DEBUG_INFO = NO;
				MTL_FAST_MATH = YES;
				SDKROOT = iphoneos;
				SWIFT_COMPILATION_MODE = wholemodule;
				SWIFT_OPTIMIZATION_LEVEL = "-O";
				VALIDATE_PRODUCT = YES;
			};
			name = Release;
		};
		3DC02A772761DEF6002F0028 /* Debug */ = {
			isa = XCBuildConfiguration;
			buildSettings = {
				ASSETCATALOG_COMPILER_APPICON_NAME = AppIcon;
				ASSETCATALOG_COMPILER_GLOBAL_ACCENT_COLOR_NAME = AccentColor;
				CODE_SIGN_STYLE = Automatic;
				CURRENT_PROJECT_VERSION = 1;
				DEVELOPMENT_TEAM = UK96588ZD7;
				GENERATE_INFOPLIST_FILE = YES;
				INFOPLIST_FILE = SteamList/Info.plist;
				INFOPLIST_KEY_UIApplicationSupportsIndirectInputEvents = YES;
				INFOPLIST_KEY_UILaunchStoryboardName = LaunchScreen;
				INFOPLIST_KEY_UISupportedInterfaceOrientations = UIInterfaceOrientationPortrait;
				INFOPLIST_KEY_UISupportedInterfaceOrientations_iPad = "UIInterfaceOrientationPortrait UIInterfaceOrientationPortraitUpsideDown UIInterfaceOrientationLandscapeLeft UIInterfaceOrientationLandscapeRight";
				INFOPLIST_KEY_UISupportedInterfaceOrientations_iPhone = "UIInterfaceOrientationPortrait UIInterfaceOrientationLandscapeLeft UIInterfaceOrientationLandscapeRight";
				IPHONEOS_DEPLOYMENT_TARGET = 12.0;
				LD_RUNPATH_SEARCH_PATHS = (
					"$(inherited)",
					"@executable_path/Frameworks",
				);
				MARKETING_VERSION = 1.0;
				PRODUCT_BUNDLE_IDENTIFIER = kryshe4ka.SteamList;
				PRODUCT_NAME = "$(TARGET_NAME)";
				SWIFT_EMIT_LOC_STRINGS = YES;
				SWIFT_VERSION = 5.0;
				TARGETED_DEVICE_FAMILY = "1,2";
			};
			name = Debug;
		};
		3DC02A782761DEF6002F0028 /* Release */ = {
			isa = XCBuildConfiguration;
			buildSettings = {
				ASSETCATALOG_COMPILER_APPICON_NAME = AppIcon;
				ASSETCATALOG_COMPILER_GLOBAL_ACCENT_COLOR_NAME = AccentColor;
				CODE_SIGN_STYLE = Automatic;
				CURRENT_PROJECT_VERSION = 1;
				DEVELOPMENT_TEAM = UK96588ZD7;
				GENERATE_INFOPLIST_FILE = YES;
				INFOPLIST_FILE = SteamList/Info.plist;
				INFOPLIST_KEY_UIApplicationSupportsIndirectInputEvents = YES;
				INFOPLIST_KEY_UILaunchStoryboardName = LaunchScreen;
				INFOPLIST_KEY_UISupportedInterfaceOrientations = UIInterfaceOrientationPortrait;
				INFOPLIST_KEY_UISupportedInterfaceOrientations_iPad = "UIInterfaceOrientationPortrait UIInterfaceOrientationPortraitUpsideDown UIInterfaceOrientationLandscapeLeft UIInterfaceOrientationLandscapeRight";
				INFOPLIST_KEY_UISupportedInterfaceOrientations_iPhone = "UIInterfaceOrientationPortrait UIInterfaceOrientationLandscapeLeft UIInterfaceOrientationLandscapeRight";
				IPHONEOS_DEPLOYMENT_TARGET = 12.0;
				LD_RUNPATH_SEARCH_PATHS = (
					"$(inherited)",
					"@executable_path/Frameworks",
				);
				MARKETING_VERSION = 1.0;
				PRODUCT_BUNDLE_IDENTIFIER = kryshe4ka.SteamList;
				PRODUCT_NAME = "$(TARGET_NAME)";
				SWIFT_EMIT_LOC_STRINGS = YES;
				SWIFT_VERSION = 5.0;
				TARGETED_DEVICE_FAMILY = "1,2";
			};
			name = Release;
		};
		3DC02A7A2761DEF6002F0028 /* Debug */ = {
			isa = XCBuildConfiguration;
			buildSettings = {
				ALWAYS_EMBED_SWIFT_STANDARD_LIBRARIES = YES;
				BUNDLE_LOADER = "$(TEST_HOST)";
				CODE_SIGN_STYLE = Automatic;
				CURRENT_PROJECT_VERSION = 1;
				DEVELOPMENT_TEAM = UK96588ZD7;
				GENERATE_INFOPLIST_FILE = YES;
				IPHONEOS_DEPLOYMENT_TARGET = 15.0;
				LD_RUNPATH_SEARCH_PATHS = (
					"$(inherited)",
					"@executable_path/Frameworks",
					"@loader_path/Frameworks",
				);
				MARKETING_VERSION = 1.0;
				PRODUCT_BUNDLE_IDENTIFIER = kryshe4ka.SteamListTests;
				PRODUCT_NAME = "$(TARGET_NAME)";
				SWIFT_EMIT_LOC_STRINGS = NO;
				SWIFT_VERSION = 5.0;
				TARGETED_DEVICE_FAMILY = "1,2";
				TEST_HOST = "$(BUILT_PRODUCTS_DIR)/SteamList.app/SteamList";
			};
			name = Debug;
		};
		3DC02A7B2761DEF6002F0028 /* Release */ = {
			isa = XCBuildConfiguration;
			buildSettings = {
				ALWAYS_EMBED_SWIFT_STANDARD_LIBRARIES = YES;
				BUNDLE_LOADER = "$(TEST_HOST)";
				CODE_SIGN_STYLE = Automatic;
				CURRENT_PROJECT_VERSION = 1;
				DEVELOPMENT_TEAM = UK96588ZD7;
				GENERATE_INFOPLIST_FILE = YES;
				IPHONEOS_DEPLOYMENT_TARGET = 15.0;
				LD_RUNPATH_SEARCH_PATHS = (
					"$(inherited)",
					"@executable_path/Frameworks",
					"@loader_path/Frameworks",
				);
				MARKETING_VERSION = 1.0;
				PRODUCT_BUNDLE_IDENTIFIER = kryshe4ka.SteamListTests;
				PRODUCT_NAME = "$(TARGET_NAME)";
				SWIFT_EMIT_LOC_STRINGS = NO;
				SWIFT_VERSION = 5.0;
				TARGETED_DEVICE_FAMILY = "1,2";
				TEST_HOST = "$(BUILT_PRODUCTS_DIR)/SteamList.app/SteamList";
			};
			name = Release;
		};
		3DC02A7D2761DEF6002F0028 /* Debug */ = {
			isa = XCBuildConfiguration;
			buildSettings = {
				ALWAYS_EMBED_SWIFT_STANDARD_LIBRARIES = YES;
				CODE_SIGN_STYLE = Automatic;
				CURRENT_PROJECT_VERSION = 1;
				DEVELOPMENT_TEAM = UK96588ZD7;
				GENERATE_INFOPLIST_FILE = YES;
				LD_RUNPATH_SEARCH_PATHS = (
					"$(inherited)",
					"@executable_path/Frameworks",
					"@loader_path/Frameworks",
				);
				MARKETING_VERSION = 1.0;
				PRODUCT_BUNDLE_IDENTIFIER = kryshe4ka.SteamListUITests;
				PRODUCT_NAME = "$(TARGET_NAME)";
				SWIFT_EMIT_LOC_STRINGS = NO;
				SWIFT_VERSION = 5.0;
				TARGETED_DEVICE_FAMILY = "1,2";
				TEST_TARGET_NAME = SteamList;
			};
			name = Debug;
		};
		3DC02A7E2761DEF6002F0028 /* Release */ = {
			isa = XCBuildConfiguration;
			buildSettings = {
				ALWAYS_EMBED_SWIFT_STANDARD_LIBRARIES = YES;
				CODE_SIGN_STYLE = Automatic;
				CURRENT_PROJECT_VERSION = 1;
				DEVELOPMENT_TEAM = UK96588ZD7;
				GENERATE_INFOPLIST_FILE = YES;
				LD_RUNPATH_SEARCH_PATHS = (
					"$(inherited)",
					"@executable_path/Frameworks",
					"@loader_path/Frameworks",
				);
				MARKETING_VERSION = 1.0;
				PRODUCT_BUNDLE_IDENTIFIER = kryshe4ka.SteamListUITests;
				PRODUCT_NAME = "$(TARGET_NAME)";
				SWIFT_EMIT_LOC_STRINGS = NO;
				SWIFT_VERSION = 5.0;
				TARGETED_DEVICE_FAMILY = "1,2";
				TEST_TARGET_NAME = SteamList;
			};
			name = Release;
		};
/* End XCBuildConfiguration section */

/* Begin XCConfigurationList section */
		3DC02A442761DEF4002F0028 /* Build configuration list for PBXProject "SteamList" */ = {
			isa = XCConfigurationList;
			buildConfigurations = (
				3DC02A742761DEF6002F0028 /* Debug */,
				3DC02A752761DEF6002F0028 /* Release */,
			);
			defaultConfigurationIsVisible = 0;
			defaultConfigurationName = Release;
		};
		3DC02A762761DEF6002F0028 /* Build configuration list for PBXNativeTarget "SteamList" */ = {
			isa = XCConfigurationList;
			buildConfigurations = (
				3DC02A772761DEF6002F0028 /* Debug */,
				3DC02A782761DEF6002F0028 /* Release */,
			);
			defaultConfigurationIsVisible = 0;
			defaultConfigurationName = Release;
		};
		3DC02A792761DEF6002F0028 /* Build configuration list for PBXNativeTarget "SteamListTests" */ = {
			isa = XCConfigurationList;
			buildConfigurations = (
				3DC02A7A2761DEF6002F0028 /* Debug */,
				3DC02A7B2761DEF6002F0028 /* Release */,
			);
			defaultConfigurationIsVisible = 0;
			defaultConfigurationName = Release;
		};
		3DC02A7C2761DEF6002F0028 /* Build configuration list for PBXNativeTarget "SteamListUITests" */ = {
			isa = XCConfigurationList;
			buildConfigurations = (
				3DC02A7D2761DEF6002F0028 /* Debug */,
				3DC02A7E2761DEF6002F0028 /* Release */,
			);
			defaultConfigurationIsVisible = 0;
			defaultConfigurationName = Release;
		};
/* End XCConfigurationList section */

/* Begin XCRemoteSwiftPackageReference section */
		3D34566F2769DB47005AC30F /* XCRemoteSwiftPackageReference "SnapKit" */ = {
			isa = XCRemoteSwiftPackageReference;
			repositoryURL = "https://github.com/SnapKit/SnapKit";
			requirement = {
				kind = upToNextMajorVersion;
				minimumVersion = 5.0.0;
			};
		};
		3DC02A7F2761E9AA002F0028 /* XCRemoteSwiftPackageReference "Alamofire" */ = {
			isa = XCRemoteSwiftPackageReference;
			repositoryURL = "https://github.com/Alamofire/Alamofire";
			requirement = {
				branch = master;
				kind = branch;
			};
		};
/* End XCRemoteSwiftPackageReference section */

/* Begin XCSwiftPackageProductDependency section */
		3D3456702769DB47005AC30F /* SnapKit */ = {
			isa = XCSwiftPackageProductDependency;
			package = 3D34566F2769DB47005AC30F /* XCRemoteSwiftPackageReference "SnapKit" */;
			productName = SnapKit;
		};
		3DC02A802761E9AA002F0028 /* Alamofire */ = {
			isa = XCSwiftPackageProductDependency;
			package = 3DC02A7F2761E9AA002F0028 /* XCRemoteSwiftPackageReference "Alamofire" */;
			productName = Alamofire;
		};
/* End XCSwiftPackageProductDependency section */

/* Begin XCVersionGroup section */
		3DC02A552761DEF4002F0028 /* SteamList.xcdatamodeld */ = {
			isa = XCVersionGroup;
			children = (
				3DC02A562761DEF4002F0028 /* SteamList.xcdatamodel */,
			);
			currentVersion = 3DC02A562761DEF4002F0028 /* SteamList.xcdatamodel */;
			path = SteamList.xcdatamodeld;
			sourceTree = "<group>";
			versionGroupType = wrapper.xcdatamodel;
		};
/* End XCVersionGroup section */
	};
	rootObject = 3DC02A412761DEF4002F0028 /* Project object */;
}
